
Microsoft Visual Studio Solution File, Format Version 12.00
# Visual Studio Version 17
VisualStudioVersion = 17.10.34928.147
MinimumVisualStudioVersion = 10.0.40219.1
Project("{9A19103F-16F7-4668-BE54-9A1E7A4F7556}") = "HtmlProperties", "HtmlProperties\HtmlProperties.csproj", "{B5A13F65-6C93-4929-9BCF-8BBCCD8F02E2}"
EndProject
Project("{2150E333-8FDC-42A3-9474-1A3956D46DE8}") = "src", "src", "{70354D1D-A17A-4CCD-BB2B-47A01F1386D9}"
EndProject
Project("{2150E333-8FDC-42A3-9474-1A3956D46DE8}") = "tests", "tests", "{946F7948-BF21-42E7-83B5-181AB2B27103}"
EndProject
Project("{9A19103F-16F7-4668-BE54-9A1E7A4F7556}") = "HtmlProperties.Tests", "HtmlProperties.Tests\HtmlProperties.Tests.csproj", "{B5934130-F185-474D-8492-4847FE019AF7}"
EndProject
Global
	GlobalSection(SolutionConfigurationPlatforms) = preSolution
		Debug|Any CPU = Debug|Any CPU
		Release|Any CPU = Release|Any CPU
	EndGlobalSection
	GlobalSection(ProjectConfigurationPlatforms) = postSolution
		{B5A13F65-6C93-4929-9BCF-8BBCCD8F02E2}.Debug|Any CPU.ActiveCfg = Debug|Any CPU
		{B5A13F65-6C93-4929-9BCF-8BBCCD8F02E2}.Debug|Any CPU.Build.0 = Debug|Any CPU
		{B5A13F65-6C93-4929-9BCF-8BBCCD8F02E2}.Release|Any CPU.ActiveCfg = Release|Any CPU
		{B5A13F65-6C93-4929-9BCF-8BBCCD8F02E2}.Release|Any CPU.Build.0 = Release|Any CPU
		{B5934130-F185-474D-8492-4847FE019AF7}.Debug|Any CPU.ActiveCfg = Debug|Any CPU
		{B5934130-F185-474D-8492-4847FE019AF7}.Debug|Any CPU.Build.0 = Debug|Any CPU
		{B5934130-F185-474D-8492-4847FE019AF7}.Release|Any CPU.ActiveCfg = Release|Any CPU
		{B5934130-F185-474D-8492-4847FE019AF7}.Release|Any CPU.Build.0 = Release|Any CPU
	EndGlobalSection
	GlobalSection(SolutionProperties) = preSolution
		HideSolutionNode = FALSE
	EndGlobalSection
	GlobalSection(NestedProjects) = preSolution
		{B5A13F65-6C93-4929-9BCF-8BBCCD8F02E2} = {70354D1D-A17A-4CCD-BB2B-47A01F1386D9}
		{B5934130-F185-474D-8492-4847FE019AF7} = {946F7948-BF21-42E7-83B5-181AB2B27103}
	EndGlobalSection
	GlobalSection(ExtensibilityGlobals) = postSolution
		SolutionGuid = {607FE6D0-AF5B-45C6-A16B-D48DBACF226C}
	EndGlobalSection
EndGlobal
